<?xml version="1.0" encoding="UTF-8"?>
<Scheme
   version = "1.3">
   <BuildAction>
      <BuildActionEntries>
         <BuildActionEntry
            buildForRunning = "YES">
            <BuildableReference
               BuildableIdentifier = "primary"
               BlueprintIdentifier = "80DE773420B1A7EC00C6973D"
               BuildableName = "Overbrowsered.app"
               BlueprintName = "Overbrowsered"
               ReferencedContainer = "container:Overbrowsered.xcodeproj">
            </BuildableReference>
         </BuildActionEntry>
      </BuildActionEntries>
   </BuildAction>
   <LaunchAction
      useCustomWorkingDirectory = "NO"
      buildConfiguration = "Debug"
      allowLocationSimulation = "YES">
      <BuildableProductRunnable>
         <BuildableReference
            BuildableIdentifier = "primary"
            BlueprintIdentifier = "80DE773420B1A7EC00C6973D"
            BuildableName = "Overbrowsered.app"
            BlueprintName = "Overbrowsered"
            ReferencedContainer = "container:Overbrowsered.xcodeproj">
         </BuildableReference>
      </BuildableProductRunnable>
   </LaunchAction>
</Scheme>
